
Microsoft Visual Studio Solution File, Format Version 12.00
# Visual Studio Version 16
VisualStudioVersion = 16.0.30011.22
MinimumVisualStudioVersion = 10.0.40219.1
Project("{9A19103F-16F7-4668-BE54-9A1E7A4F7556}") = "UriTemplates", "UriTemplates\UriTemplates.csproj", "{D716C336-FB6A-40AC-9284-0705B88A9F91}"
EndProject
Project("{9A19103F-16F7-4668-BE54-9A1E7A4F7556}") = "UriTemplates.Tests", "UriTemplates.Tests\UriTemplates.Tests.csproj", "{48341B52-DDA6-463F-B876-A9F6A7D14A0E}"
EndProject
Global
	GlobalSection(SolutionConfigurationPlatforms) = preSolution
		Debug|Any CPU = Debug|Any CPU
		Release|Any CPU = Release|Any CPU
	EndGlobalSection
	GlobalSection(ProjectConfigurationPlatforms) = postSolution
		{D716C336-FB6A-40AC-9284-0705B88A9F91}.Debug|Any CPU.ActiveCfg = Debug|Any CPU
		{D716C336-FB6A-40AC-9284-0705B88A9F91}.Debug|Any CPU.Build.0 = Debug|Any CPU
		{D716C336-FB6A-40AC-9284-0705B88A9F91}.Release|Any CPU.ActiveCfg = Release|Any CPU
		{D716C336-FB6A-40AC-9284-0705B88A9F91}.Release|Any CPU.Build.0 = Release|Any CPU
		{48341B52-DDA6-463F-B876-A9F6A7D14A0E}.Debug|Any CPU.ActiveCfg = Debug|Any CPU
		{48341B52-DDA6-463F-B876-A9F6A7D14A0E}.Debug|Any CPU.Build.0 = Debug|Any CPU
		{48341B52-DDA6-463F-B876-A9F6A7D14A0E}.Release|Any CPU.ActiveCfg = Release|Any CPU
		{48341B52-DDA6-463F-B876-A9F6A7D14A0E}.Release|Any CPU.Build.0 = Release|Any CPU
	EndGlobalSection
	GlobalSection(SolutionProperties) = preSolution
		HideSolutionNode = FALSE
	EndGlobalSection
	GlobalSection(ExtensibilityGlobals) = postSolution
		SolutionGuid = {05A6BA89-EBB4-4A04-B9AA-44F6BAB6AF9C}
	EndGlobalSection
EndGlobal
