
Microsoft Visual Studio Solution File, Format Version 12.00
# Visual Studio 2013
VisualStudioVersion = 12.0.31101.0
MinimumVisualStudioVersion = 10.0.40219.1
Project("{FAE04EC0-301F-11D3-BF4B-00C04F79EFBC}") = "UrlTemplates.Net20", "UrlTemplates\UrlTemplates.Net20.csproj", "{60F1910F-DE9B-455A-94BE-8CCC5CED555B}"
EndProject
Project("{FAE04EC0-301F-11D3-BF4B-00C04F79EFBC}") = "UriTemplates.Tests.Net20", "UriTemplates.Tests\UriTemplates.Tests.Net20.csproj", "{0D4DD758-D512-48A9-A6FE-B6A2FA90FF31}"
EndProject
Global
	GlobalSection(SolutionConfigurationPlatforms) = preSolution
		Debug|Any CPU = Debug|Any CPU
		Release|Any CPU = Release|Any CPU
	EndGlobalSection
	GlobalSection(ProjectConfigurationPlatforms) = postSolution
		{60F1910F-DE9B-455A-94BE-8CCC5CED555B}.Debug|Any CPU.ActiveCfg = Debug|Any CPU
		{60F1910F-DE9B-455A-94BE-8CCC5CED555B}.Debug|Any CPU.Build.0 = Debug|Any CPU
		{60F1910F-DE9B-455A-94BE-8CCC5CED555B}.Release|Any CPU.ActiveCfg = Release|Any CPU
		{60F1910F-DE9B-455A-94BE-8CCC5CED555B}.Release|Any CPU.Build.0 = Release|Any CPU
		{0D4DD758-D512-48A9-A6FE-B6A2FA90FF31}.Debug|Any CPU.ActiveCfg = Debug|Any CPU
		{0D4DD758-D512-48A9-A6FE-B6A2FA90FF31}.Debug|Any CPU.Build.0 = Debug|Any CPU
		{0D4DD758-D512-48A9-A6FE-B6A2FA90FF31}.Release|Any CPU.ActiveCfg = Release|Any CPU
		{0D4DD758-D512-48A9-A6FE-B6A2FA90FF31}.Release|Any CPU.Build.0 = Release|Any CPU
	EndGlobalSection
	GlobalSection(SolutionProperties) = preSolution
		HideSolutionNode = FALSE
	EndGlobalSection
EndGlobal
